
Microsoft Visual Studio Solution File, Format Version 12.00
# Visual Studio Version 16
VisualStudioVersion = 16.0.28902.138
MinimumVisualStudioVersion = 10.0.40219.1
Project("{FAE04EC0-301F-11D3-BF4B-00C04F79EFBC}") = "LifeSimulator", "LifeSimulator.csproj", "{033175E9-B34F-4033-9A86-DAE8884BB81F}"
EndProject
Global
	GlobalSection(SolutionConfigurationPlatforms) = preSolution
		Debug|Any CPU = Debug|Any CPU
		Release|Any CPU = Release|Any CPU
	EndGlobalSection
	GlobalSection(ProjectConfigurationPlatforms) = postSolution
		{033175E9-B34F-4033-9A86-DAE8884BB81F}.Debug|Any CPU.ActiveCfg = Debug|Any CPU
		{033175E9-B34F-4033-9A86-DAE8884BB81F}.Debug|Any CPU.Build.0 = Debug|Any CPU
		{033175E9-B34F-4033-9A86-DAE8884BB81F}.Release|Any CPU.ActiveCfg = Release|Any CPU
		{033175E9-B34F-4033-9A86-DAE8884BB81F}.Release|Any CPU.Build.0 = Release|Any CPU
	EndGlobalSection
	GlobalSection(SolutionProperties) = preSolution
		HideSolutionNode = FALSE
	EndGlobalSection
	GlobalSection(ExtensibilityGlobals) = postSolution
		SolutionGuid = {82F1D5F1-E078-4912-95A8-F7F8417F456B}
	EndGlobalSection
EndGlobal
